
Microsoft Visual Studio Solution File, Format Version 12.00
# Visual Studio 15
VisualStudioVersion = 15.0.27703.2047
MinimumVisualStudioVersion = 10.0.40219.1
Project("{FAE04EC0-301F-11D3-BF4B-00C04F79EFBC}") = "Task14App", "Task14App\Task14App.csproj", "{F5231F6C-20DA-40CB-96F5-8FC7C3C51998}"
EndProject
Global
	GlobalSection(SolutionConfigurationPlatforms) = preSolution
		Debug|ARM = Debug|ARM
		Debug|x64 = Debug|x64
		Debug|x86 = Debug|x86
		Release|ARM = Release|ARM
		Release|x64 = Release|x64
		Release|x86 = Release|x86
	EndGlobalSection
	GlobalSection(ProjectConfigurationPlatforms) = postSolution
		{F5231F6C-20DA-40CB-96F5-8FC7C3C51998}.Debug|ARM.ActiveCfg = Debug|ARM
		{F5231F6C-20DA-40CB-96F5-8FC7C3C51998}.Debug|ARM.Build.0 = Debug|ARM
		{F5231F6C-20DA-40CB-96F5-8FC7C3C51998}.Debug|ARM.Deploy.0 = Debug|ARM
		{F5231F6C-20DA-40CB-96F5-8FC7C3C51998}.Debug|x64.ActiveCfg = Debug|x64
		{F5231F6C-20DA-40CB-96F5-8FC7C3C51998}.Debug|x64.Build.0 = Debug|x64
		{F5231F6C-20DA-40CB-96F5-8FC7C3C51998}.Debug|x64.Deploy.0 = Debug|x64
		{F5231F6C-20DA-40CB-96F5-8FC7C3C51998}.Debug|x86.ActiveCfg = Debug|x86
		{F5231F6C-20DA-40CB-96F5-8FC7C3C51998}.Debug|x86.Build.0 = Debug|x86
		{F5231F6C-20DA-40CB-96F5-8FC7C3C51998}.Debug|x86.Deploy.0 = Debug|x86
		{F5231F6C-20DA-40CB-96F5-8FC7C3C51998}.Release|ARM.ActiveCfg = Release|ARM
		{F5231F6C-20DA-40CB-96F5-8FC7C3C51998}.Release|ARM.Build.0 = Release|ARM
		{F5231F6C-20DA-40CB-96F5-8FC7C3C51998}.Release|ARM.Deploy.0 = Release|ARM
		{F5231F6C-20DA-40CB-96F5-8FC7C3C51998}.Release|x64.ActiveCfg = Release|x64
		{F5231F6C-20DA-40CB-96F5-8FC7C3C51998}.Release|x64.Build.0 = Release|x64
		{F5231F6C-20DA-40CB-96F5-8FC7C3C51998}.Release|x64.Deploy.0 = Release|x64
		{F5231F6C-20DA-40CB-96F5-8FC7C3C51998}.Release|x86.ActiveCfg = Release|x86
		{F5231F6C-20DA-40CB-96F5-8FC7C3C51998}.Release|x86.Build.0 = Release|x86
		{F5231F6C-20DA-40CB-96F5-8FC7C3C51998}.Release|x86.Deploy.0 = Release|x86
	EndGlobalSection
	GlobalSection(SolutionProperties) = preSolution
		HideSolutionNode = FALSE
	EndGlobalSection
	GlobalSection(ExtensibilityGlobals) = postSolution
		SolutionGuid = {E8C57DCA-A470-46C9-B09C-542E593DEFB5}
	EndGlobalSection
EndGlobal
